github.com/RobertMihai/sdl-go v0.0.0-20231212193906-b2bafe6401b7 h1:Sghr3yJrCULLH15bE08YLbSFPFet754Mk5qsQaGEVvM=
github.com/RobertMihai/sdl-go v0.0.0-20231212193906-b2bafe6401b7/go.mod h1:b1k8NKUwBSi3z51cdWbj79VZUBxLdPuFSNcI8rPAfXc=
github.com/joho/godotenv v1.5.1 h1:7eLL/+HRGLY0ldzfGMeQkb7vMd0as4CfYvUVzLqw0N0=
github.com/joho/godotenv v1.5.1/go.mod h1:f4LDr5Voq0i2e/R5DDNOoa2zzDfwtkZa6DnEwAbqwq4=
